
Microsoft Visual Studio Solution File, Format Version 12.00
# Visual Studio Version 16
VisualStudioVersion = 16.0.31424.327
MinimumVisualStudioVersion = 10.0.40219.1
Project("{FAE04EC0-301F-11D3-BF4B-00C04F79EFBC}") = "flight_director.Android", "flight_director.Android\flight_director.Android.csproj", "{F0F9C8C3-D658-430E-95C9-6C50B1CEC8C6}"
EndProject
Project("{FAE04EC0-301F-11D3-BF4B-00C04F79EFBC}") = "flight_director.iOS", "flight_director.iOS\flight_director.iOS.csproj", "{D9543527-6B94-4FFE-B7CF-D64E8BF1069F}"
EndProject
Project("{FAE04EC0-301F-11D3-BF4B-00C04F79EFBC}") = "flight_director", "flight_director\flight_director.csproj", "{A9A2530D-A638-49E8-8011-AFCF7391046E}"
EndProject
Global
	GlobalSection(SolutionConfigurationPlatforms) = preSolution
		Debug|Any CPU = Debug|Any CPU
		Debug|iPhone = Debug|iPhone
		Debug|iPhoneSimulator = Debug|iPhoneSimulator
		Release|Any CPU = Release|Any CPU
		Release|iPhone = Release|iPhone
		Release|iPhoneSimulator = Release|iPhoneSimulator
	EndGlobalSection
	GlobalSection(ProjectConfigurationPlatforms) = postSolution
		{F0F9C8C3-D658-430E-95C9-6C50B1CEC8C6}.Debug|Any CPU.ActiveCfg = Debug|Any CPU
		{F0F9C8C3-D658-430E-95C9-6C50B1CEC8C6}.Debug|Any CPU.Build.0 = Debug|Any CPU
		{F0F9C8C3-D658-430E-95C9-6C50B1CEC8C6}.Debug|Any CPU.Deploy.0 = Debug|Any CPU
		{F0F9C8C3-D658-430E-95C9-6C50B1CEC8C6}.Debug|iPhone.ActiveCfg = Debug|Any CPU
		{F0F9C8C3-D658-430E-95C9-6C50B1CEC8C6}.Debug|iPhone.Build.0 = Debug|Any CPU
		{F0F9C8C3-D658-430E-95C9-6C50B1CEC8C6}.Debug|iPhone.Deploy.0 = Debug|Any CPU
		{F0F9C8C3-D658-430E-95C9-6C50B1CEC8C6}.Debug|iPhoneSimulator.ActiveCfg = Debug|Any CPU
		{F0F9C8C3-D658-430E-95C9-6C50B1CEC8C6}.Debug|iPhoneSimulator.Build.0 = Debug|Any CPU
		{F0F9C8C3-D658-430E-95C9-6C50B1CEC8C6}.Debug|iPhoneSimulator.Deploy.0 = Debug|Any CPU
		{F0F9C8C3-D658-430E-95C9-6C50B1CEC8C6}.Release|Any CPU.ActiveCfg = Release|Any CPU
		{F0F9C8C3-D658-430E-95C9-6C50B1CEC8C6}.Release|Any CPU.Build.0 = Release|Any CPU
		{F0F9C8C3-D658-430E-95C9-6C50B1CEC8C6}.Release|Any CPU.Deploy.0 = Release|Any CPU
		{F0F9C8C3-D658-430E-95C9-6C50B1CEC8C6}.Release|iPhone.ActiveCfg = Release|Any CPU
		{F0F9C8C3-D658-430E-95C9-6C50B1CEC8C6}.Release|iPhone.Build.0 = Release|Any CPU
		{F0F9C8C3-D658-430E-95C9-6C50B1CEC8C6}.Release|iPhone.Deploy.0 = Release|Any CPU
		{F0F9C8C3-D658-430E-95C9-6C50B1CEC8C6}.Release|iPhoneSimulator.ActiveCfg = Release|Any CPU
		{F0F9C8C3-D658-430E-95C9-6C50B1CEC8C6}.Release|iPhoneSimulator.Build.0 = Release|Any CPU
		{F0F9C8C3-D658-430E-95C9-6C50B1CEC8C6}.Release|iPhoneSimulator.Deploy.0 = Release|Any CPU
		{D9543527-6B94-4FFE-B7CF-D64E8BF1069F}.Debug|Any CPU.ActiveCfg = Debug|iPhone
		{D9543527-6B94-4FFE-B7CF-D64E8BF1069F}.Debug|Any CPU.Build.0 = Debug|iPhone
		{D9543527-6B94-4FFE-B7CF-D64E8BF1069F}.Debug|Any CPU.Deploy.0 = Debug|iPhone
		{D9543527-6B94-4FFE-B7CF-D64E8BF1069F}.Debug|iPhone.ActiveCfg = Debug|iPhone
		{D9543527-6B94-4FFE-B7CF-D64E8BF1069F}.Debug|iPhone.Build.0 = Debug|iPhone
		{D9543527-6B94-4FFE-B7CF-D64E8BF1069F}.Debug|iPhone.Deploy.0 = Debug|iPhone
		{D9543527-6B94-4FFE-B7CF-D64E8BF1069F}.Debug|iPhoneSimulator.ActiveCfg = Debug|iPhoneSimulator
		{D9543527-6B94-4FFE-B7CF-D64E8BF1069F}.Debug|iPhoneSimulator.Build.0 = Debug|iPhoneSimulator
		{D9543527-6B94-4FFE-B7CF-D64E8BF1069F}.Debug|iPhoneSimulator.Deploy.0 = Debug|iPhoneSimulator
		{D9543527-6B94-4FFE-B7CF-D64E8BF1069F}.Release|Any CPU.ActiveCfg = Release|iPhoneSimulator
		{D9543527-6B94-4FFE-B7CF-D64E8BF1069F}.Release|Any CPU.Build.0 = Release|iPhoneSimulator
		{D9543527-6B94-4FFE-B7CF-D64E8BF1069F}.Release|Any CPU.Deploy.0 = Release|iPhoneSimulator
		{D9543527-6B94-4FFE-B7CF-D64E8BF1069F}.Release|iPhone.ActiveCfg = Release|iPhone
		{D9543527-6B94-4FFE-B7CF-D64E8BF1069F}.Release|iPhone.Build.0 = Release|iPhone
		{D9543527-6B94-4FFE-B7CF-D64E8BF1069F}.Release|iPhone.Deploy.0 = Release|iPhone
		{D9543527-6B94-4FFE-B7CF-D64E8BF1069F}.Release|iPhoneSimulator.ActiveCfg = Release|iPhoneSimulator
		{D9543527-6B94-4FFE-B7CF-D64E8BF1069F}.Release|iPhoneSimulator.Build.0 = Release|iPhoneSimulator
		{D9543527-6B94-4FFE-B7CF-D64E8BF1069F}.Release|iPhoneSimulator.Deploy.0 = Release|iPhoneSimulator
		{A9A2530D-A638-49E8-8011-AFCF7391046E}.Debug|Any CPU.ActiveCfg = Debug|Any CPU
		{A9A2530D-A638-49E8-8011-AFCF7391046E}.Debug|Any CPU.Build.0 = Debug|Any CPU
		{A9A2530D-A638-49E8-8011-AFCF7391046E}.Debug|Any CPU.Deploy.0 = Debug|Any CPU
		{A9A2530D-A638-49E8-8011-AFCF7391046E}.Debug|iPhone.ActiveCfg = Debug|Any CPU
		{A9A2530D-A638-49E8-8011-AFCF7391046E}.Debug|iPhone.Build.0 = Debug|Any CPU
		{A9A2530D-A638-49E8-8011-AFCF7391046E}.Debug|iPhone.Deploy.0 = Debug|Any CPU
		{A9A2530D-A638-49E8-8011-AFCF7391046E}.Debug|iPhoneSimulator.ActiveCfg = Debug|Any CPU
		{A9A2530D-A638-49E8-8011-AFCF7391046E}.Debug|iPhoneSimulator.Build.0 = Debug|Any CPU
		{A9A2530D-A638-49E8-8011-AFCF7391046E}.Debug|iPhoneSimulator.Deploy.0 = Debug|Any CPU
		{A9A2530D-A638-49E8-8011-AFCF7391046E}.Release|Any CPU.ActiveCfg = Release|Any CPU
		{A9A2530D-A638-49E8-8011-AFCF7391046E}.Release|Any CPU.Build.0 = Release|Any CPU
		{A9A2530D-A638-49E8-8011-AFCF7391046E}.Release|Any CPU.Deploy.0 = Release|Any CPU
		{A9A2530D-A638-49E8-8011-AFCF7391046E}.Release|iPhone.ActiveCfg = Release|Any CPU
		{A9A2530D-A638-49E8-8011-AFCF7391046E}.Release|iPhone.Build.0 = Release|Any CPU
		{A9A2530D-A638-49E8-8011-AFCF7391046E}.Release|iPhone.Deploy.0 = Release|Any CPU
		{A9A2530D-A638-49E8-8011-AFCF7391046E}.Release|iPhoneSimulator.ActiveCfg = Release|Any CPU
		{A9A2530D-A638-49E8-8011-AFCF7391046E}.Release|iPhoneSimulator.Build.0 = Release|Any CPU
		{A9A2530D-A638-49E8-8011-AFCF7391046E}.Release|iPhoneSimulator.Deploy.0 = Release|Any CPU
	EndGlobalSection
	GlobalSection(SolutionProperties) = preSolution
		HideSolutionNode = FALSE
	EndGlobalSection
	GlobalSection(ExtensibilityGlobals) = postSolution
		SolutionGuid = {99CD4D80-C62B-4F89-9D48-A69AD7B4B2C7}
	EndGlobalSection
EndGlobal
